
Microsoft Visual Studio Solution File, Format Version 12.00
# Visual Studio 14
VisualStudioVersion = 14.0.25420.1
MinimumVisualStudioVersion = 10.0.40219.1
Project("{FAE04EC0-301F-11D3-BF4B-00C04F79EFBC}") = "kRPC.Programs", "kRPC.Programs\kRPC.Programs.csproj", "{9BE8FEB5-551A-435D-88A9-8C175BE119CC}"
EndProject
Project("{FAE04EC0-301F-11D3-BF4B-00C04F79EFBC}") = "kRPC.Programs.Tests", "kRPC.Programs.Tests\kRPC.Programs.Tests.csproj", "{BB7B2361-2AB4-4264-8896-9D060C18955A}"
EndProject
Global
	GlobalSection(SolutionConfigurationPlatforms) = preSolution
		Debug|Any CPU = Debug|Any CPU
		Release|Any CPU = Release|Any CPU
	EndGlobalSection
	GlobalSection(ProjectConfigurationPlatforms) = postSolution
		{9BE8FEB5-551A-435D-88A9-8C175BE119CC}.Debug|Any CPU.ActiveCfg = Debug|Any CPU
		{9BE8FEB5-551A-435D-88A9-8C175BE119CC}.Debug|Any CPU.Build.0 = Debug|Any CPU
		{9BE8FEB5-551A-435D-88A9-8C175BE119CC}.Release|Any CPU.ActiveCfg = Release|Any CPU
		{9BE8FEB5-551A-435D-88A9-8C175BE119CC}.Release|Any CPU.Build.0 = Release|Any CPU
		{BB7B2361-2AB4-4264-8896-9D060C18955A}.Debug|Any CPU.ActiveCfg = Debug|Any CPU
		{BB7B2361-2AB4-4264-8896-9D060C18955A}.Debug|Any CPU.Build.0 = Debug|Any CPU
		{BB7B2361-2AB4-4264-8896-9D060C18955A}.Release|Any CPU.ActiveCfg = Release|Any CPU
		{BB7B2361-2AB4-4264-8896-9D060C18955A}.Release|Any CPU.Build.0 = Release|Any CPU
	EndGlobalSection
	GlobalSection(SolutionProperties) = preSolution
		HideSolutionNode = FALSE
	EndGlobalSection
EndGlobal
